Microsoft Visual Studio Solution File, Format Version 12.00
# Visual Studio Version 17
VisualStudioVersion = 17.5.2.0
MinimumVisualStudioVersion = 10.0.40219.1
Project("{2150E333-8FDC-42A3-9474-1A3956D46DE8}") = "DotNetBackend", "DotNetBackend", "{C1C17006-2A90-A954-BFB9-BF04A620B3A9}"
EndProject
Project("{FAE04EC0-301F-11D3-BF4B-00C04F79EFBC}") = "TaskManagerApi", "DotNetBackend\TaskManagerApi\TaskManagerApi.csproj", "{D47F2B88-799F-7CCF-3CB1-CE6B125EB552}"
EndProject
Global
	GlobalSection(SolutionConfigurationPlatforms) = preSolution
		Debug|Any CPU = Debug|Any CPU
		Release|Any CPU = Release|Any CPU
	EndGlobalSection
	GlobalSection(ProjectConfigurationPlatforms) = postSolution
		{D47F2B88-799F-7CCF-3CB1-CE6B125EB552}.Debug|Any CPU.ActiveCfg = Debug|Any CPU
		{D47F2B88-799F-7CCF-3CB1-CE6B125EB552}.Debug|Any CPU.Build.0 = Debug|Any CPU
		{D47F2B88-799F-7CCF-3CB1-CE6B125EB552}.Release|Any CPU.ActiveCfg = Release|Any CPU
		{D47F2B88-799F-7CCF-3CB1-CE6B125EB552}.Release|Any CPU.Build.0 = Release|Any CPU
	EndGlobalSection
	GlobalSection(SolutionProperties) = preSolution
		HideSolutionNode = FALSE
	EndGlobalSection
	GlobalSection(NestedProjects) = preSolution
		{D47F2B88-799F-7CCF-3CB1-CE6B125EB552} = {C1C17006-2A90-A954-BFB9-BF04A620B3A9}
	EndGlobalSection
	GlobalSection(ExtensibilityGlobals) = postSolution
		SolutionGuid = {650784D9-10D5-4660-A65B-03760B20112D}
	EndGlobalSection
EndGlobal
